
Microsoft Visual Studio Solution File, Format Version 12.00
# Visual Studio Version 17
VisualStudioVersion = 17.3.32825.248
MinimumVisualStudioVersion = 10.0.40219.1
Project("{FAE04EC0-301F-11D3-BF4B-00C04F79EFBC}") = "ParamKeyword", "ParamKeyword\ParamKeyword.csproj", "{6C59968B-CC26-4CD2-9DC6-5EF1C2BF1191}"
EndProject
Global
	GlobalSection(SolutionConfigurationPlatforms) = preSolution
		Debug|Any CPU = Debug|Any CPU
		Release|Any CPU = Release|Any CPU
	EndGlobalSection
	GlobalSection(ProjectConfigurationPlatforms) = postSolution
		{6C59968B-CC26-4CD2-9DC6-5EF1C2BF1191}.Debug|Any CPU.ActiveCfg = Debug|Any CPU
		{6C59968B-CC26-4CD2-9DC6-5EF1C2BF1191}.Debug|Any CPU.Build.0 = Debug|Any CPU
		{6C59968B-CC26-4CD2-9DC6-5EF1C2BF1191}.Release|Any CPU.ActiveCfg = Release|Any CPU
		{6C59968B-CC26-4CD2-9DC6-5EF1C2BF1191}.Release|Any CPU.Build.0 = Release|Any CPU
	EndGlobalSection
	GlobalSection(SolutionProperties) = preSolution
		HideSolutionNode = FALSE
	EndGlobalSection
	GlobalSection(ExtensibilityGlobals) = postSolution
		SolutionGuid = {1749FAA8-58D4-447B-84A5-7A4D93576EFE}
	EndGlobalSection
EndGlobal
